
Microsoft Visual Studio Solution File, Format Version 12.00
# Visual Studio Version 17
VisualStudioVersion = 17.5.33424.131
MinimumVisualStudioVersion = 10.0.40219.1
Project("{2150E333-8FDC-42A3-9474-1A3956D46DE8}") = "01 APIS", "01 APIS", "{9979AE2C-426D-47E6-B20B-2B047D333271}"
EndProject
Project("{2150E333-8FDC-42A3-9474-1A3956D46DE8}") = "02 Bussines", "02 Bussines", "{3BC7117C-378C-4199-AEEE-419B73FC2B18}"
EndProject
Project("{2150E333-8FDC-42A3-9474-1A3956D46DE8}") = "03 Servicios", "03 Servicios", "{C7464A19-B7FA-4478-8AC7-5C584A4EFA4F}"
EndProject
Project("{2150E333-8FDC-42A3-9474-1A3956D46DE8}") = "04 Repositorio", "04 Repositorio", "{6B427020-A612-4412-BB08-474858DD69E4}"
EndProject
Project("{2150E333-8FDC-42A3-9474-1A3956D46DE8}") = "05 Model", "05 Model", "{FCD49EC1-C8DB-445B-ADE3-CB55D52B0C1B}"
EndProject
Project("{2150E333-8FDC-42A3-9474-1A3956D46DE8}") = "06 Util", "06 Util", "{4E336605-CDD7-4E78-8C9B-0316872DA434}"
EndProject
Project("{2150E333-8FDC-42A3-9474-1A3956D46DE8}") = "10 Anotaciones", "10 Anotaciones", "{9BB2A0AD-BC64-40CB-BA7B-AFA162392C0A}"
	ProjectSection(SolutionItems) = preProject
		Mpaeodatabase.txt = Mpaeodatabase.txt
	EndProjectSection
EndProject
Project("{9A19103F-16F7-4668-BE54-9A1E7A4F7556}") = "UtilSecurity", "UtilSecurity\UtilSecurity.csproj", "{5B4C2183-7803-4110-8EC7-91F9487E10F7}"
EndProject
Project("{9A19103F-16F7-4668-BE54-9A1E7A4F7556}") = "UtilMapper", "UtilMapper\UtilMapper.csproj", "{CBDA6AE4-A884-4F35-8B6A-BB1CF4F75FC7}"
EndProject
Project("{9A19103F-16F7-4668-BE54-9A1E7A4F7556}") = "Constantes", "Constantes\Constantes.csproj", "{4FFA6416-811D-48CD-9814-B883F7C531B8}"
EndProject
Project("{9A19103F-16F7-4668-BE54-9A1E7A4F7556}") = "DBModel", "DBModel\DBModel.csproj", "{2030D15A-57C2-42CB-BC3B-CC45A69BF3F6}"
EndProject
Project("{9A19103F-16F7-4668-BE54-9A1E7A4F7556}") = "Models", "Models\Models.csproj", "{84E3A572-C1E9-4C91-AE40-5C007F490645}"
EndProject
Project("{9A19103F-16F7-4668-BE54-9A1E7A4F7556}") = "IRepository", "IRepositorio\IRepository.csproj", "{E32F618D-C662-44E9-919F-7C579D8B0431}"
EndProject
Project("{9A19103F-16F7-4668-BE54-9A1E7A4F7556}") = "Repository", "Repositorio\Repository.csproj", "{76FC14ED-6781-4CE1-88CA-CD0298F55FC1}"
EndProject
Project("{9A19103F-16F7-4668-BE54-9A1E7A4F7556}") = "IService", "IService\IService.csproj", "{DD418BDF-1170-422A-B789-4C872FAC9893}"
EndProject
Project("{9A19103F-16F7-4668-BE54-9A1E7A4F7556}") = "Service", "Service\Service.csproj", "{D9B62BD5-1E46-4DB0-8648-879E646DEE32}"
EndProject
Project("{9A19103F-16F7-4668-BE54-9A1E7A4F7556}") = "IBussines", "IBussines\IBussines.csproj", "{5B827387-D5AC-4C90-B24B-B21145B4A7BC}"
EndProject
Project("{9A19103F-16F7-4668-BE54-9A1E7A4F7556}") = "Bussines", "Bussines\Bussines.csproj", "{3530B7D2-19D4-41B0-BD30-FB82EB967BBB}"
EndProject
Project("{9A19103F-16F7-4668-BE54-9A1E7A4F7556}") = "API", "API\API.csproj", "{9600877C-6CD8-4C5B-9518-A69E2568FCE8}"
EndProject
Project("{9A19103F-16F7-4668-BE54-9A1E7A4F7556}") = "UtilInterface", "UtilInterface\UtilInterface.csproj", "{0DA3D485-81DB-4149-B760-592487AE7F9C}"
EndProject
Project("{FAE04EC0-301F-11D3-BF4B-00C04F79EFBC}") = "UtilPDF", "UtilPDF\UtilPDF.csproj", "{C6546E33-E5D5-4010-8BD3-A31DADDA1FBC}"
EndProject
Project("{FAE04EC0-301F-11D3-BF4B-00C04F79EFBC}") = "Firebase", "Firebase\Firebase.csproj", "{4DA08210-D809-4100-9087-622A12FB5553}"
EndProject
Project("{FAE04EC0-301F-11D3-BF4B-00C04F79EFBC}") = "UtilPaginados", "UtilPaginados\UtilPaginados.csproj", "{F75D5696-601C-4EB4-90D4-28C292E841E3}"
EndProject
Global
	GlobalSection(SolutionConfigurationPlatforms) = preSolution
		Debug|Any CPU = Debug|Any CPU
		Release|Any CPU = Release|Any CPU
	EndGlobalSection
	GlobalSection(ProjectConfigurationPlatforms) = postSolution
		{5B4C2183-7803-4110-8EC7-91F9487E10F7}.Debug|Any CPU.ActiveCfg = Debug|Any CPU
		{5B4C2183-7803-4110-8EC7-91F9487E10F7}.Debug|Any CPU.Build.0 = Debug|Any CPU
		{5B4C2183-7803-4110-8EC7-91F9487E10F7}.Release|Any CPU.ActiveCfg = Release|Any CPU
		{5B4C2183-7803-4110-8EC7-91F9487E10F7}.Release|Any CPU.Build.0 = Release|Any CPU
		{CBDA6AE4-A884-4F35-8B6A-BB1CF4F75FC7}.Debug|Any CPU.ActiveCfg = Debug|Any CPU
		{CBDA6AE4-A884-4F35-8B6A-BB1CF4F75FC7}.Debug|Any CPU.Build.0 = Debug|Any CPU
		{CBDA6AE4-A884-4F35-8B6A-BB1CF4F75FC7}.Release|Any CPU.ActiveCfg = Release|Any CPU
		{CBDA6AE4-A884-4F35-8B6A-BB1CF4F75FC7}.Release|Any CPU.Build.0 = Release|Any CPU
		{4FFA6416-811D-48CD-9814-B883F7C531B8}.Debug|Any CPU.ActiveCfg = Debug|Any CPU
		{4FFA6416-811D-48CD-9814-B883F7C531B8}.Debug|Any CPU.Build.0 = Debug|Any CPU
		{4FFA6416-811D-48CD-9814-B883F7C531B8}.Release|Any CPU.ActiveCfg = Release|Any CPU
		{4FFA6416-811D-48CD-9814-B883F7C531B8}.Release|Any CPU.Build.0 = Release|Any CPU
		{2030D15A-57C2-42CB-BC3B-CC45A69BF3F6}.Debug|Any CPU.ActiveCfg = Debug|Any CPU
		{2030D15A-57C2-42CB-BC3B-CC45A69BF3F6}.Debug|Any CPU.Build.0 = Debug|Any CPU
		{2030D15A-57C2-42CB-BC3B-CC45A69BF3F6}.Release|Any CPU.ActiveCfg = Release|Any CPU
		{2030D15A-57C2-42CB-BC3B-CC45A69BF3F6}.Release|Any CPU.Build.0 = Release|Any CPU
		{84E3A572-C1E9-4C91-AE40-5C007F490645}.Debug|Any CPU.ActiveCfg = Debug|Any CPU
		{84E3A572-C1E9-4C91-AE40-5C007F490645}.Debug|Any CPU.Build.0 = Debug|Any CPU
		{84E3A572-C1E9-4C91-AE40-5C007F490645}.Release|Any CPU.ActiveCfg = Release|Any CPU
		{84E3A572-C1E9-4C91-AE40-5C007F490645}.Release|Any CPU.Build.0 = Release|Any CPU
		{E32F618D-C662-44E9-919F-7C579D8B0431}.Debug|Any CPU.ActiveCfg = Debug|Any CPU
		{E32F618D-C662-44E9-919F-7C579D8B0431}.Debug|Any CPU.Build.0 = Debug|Any CPU
		{E32F618D-C662-44E9-919F-7C579D8B0431}.Release|Any CPU.ActiveCfg = Release|Any CPU
		{E32F618D-C662-44E9-919F-7C579D8B0431}.Release|Any CPU.Build.0 = Release|Any CPU
		{76FC14ED-6781-4CE1-88CA-CD0298F55FC1}.Debug|Any CPU.ActiveCfg = Debug|Any CPU
		{76FC14ED-6781-4CE1-88CA-CD0298F55FC1}.Debug|Any CPU.Build.0 = Debug|Any CPU
		{76FC14ED-6781-4CE1-88CA-CD0298F55FC1}.Release|Any CPU.ActiveCfg = Release|Any CPU
		{76FC14ED-6781-4CE1-88CA-CD0298F55FC1}.Release|Any CPU.Build.0 = Release|Any CPU
		{DD418BDF-1170-422A-B789-4C872FAC9893}.Debug|Any CPU.ActiveCfg = Debug|Any CPU
		{DD418BDF-1170-422A-B789-4C872FAC9893}.Debug|Any CPU.Build.0 = Debug|Any CPU
		{DD418BDF-1170-422A-B789-4C872FAC9893}.Release|Any CPU.ActiveCfg = Release|Any CPU
		{DD418BDF-1170-422A-B789-4C872FAC9893}.Release|Any CPU.Build.0 = Release|Any CPU
		{D9B62BD5-1E46-4DB0-8648-879E646DEE32}.Debug|Any CPU.ActiveCfg = Debug|Any CPU
		{D9B62BD5-1E46-4DB0-8648-879E646DEE32}.Debug|Any CPU.Build.0 = Debug|Any CPU
		{D9B62BD5-1E46-4DB0-8648-879E646DEE32}.Release|Any CPU.ActiveCfg = Release|Any CPU
		{D9B62BD5-1E46-4DB0-8648-879E646DEE32}.Release|Any CPU.Build.0 = Release|Any CPU
		{5B827387-D5AC-4C90-B24B-B21145B4A7BC}.Debug|Any CPU.ActiveCfg = Debug|Any CPU
		{5B827387-D5AC-4C90-B24B-B21145B4A7BC}.Debug|Any CPU.Build.0 = Debug|Any CPU
		{5B827387-D5AC-4C90-B24B-B21145B4A7BC}.Release|Any CPU.ActiveCfg = Release|Any CPU
		{5B827387-D5AC-4C90-B24B-B21145B4A7BC}.Release|Any CPU.Build.0 = Release|Any CPU
		{3530B7D2-19D4-41B0-BD30-FB82EB967BBB}.Debug|Any CPU.ActiveCfg = Debug|Any CPU
		{3530B7D2-19D4-41B0-BD30-FB82EB967BBB}.Debug|Any CPU.Build.0 = Debug|Any CPU
		{3530B7D2-19D4-41B0-BD30-FB82EB967BBB}.Release|Any CPU.ActiveCfg = Release|Any CPU
		{3530B7D2-19D4-41B0-BD30-FB82EB967BBB}.Release|Any CPU.Build.0 = Release|Any CPU
		{9600877C-6CD8-4C5B-9518-A69E2568FCE8}.Debug|Any CPU.ActiveCfg = Debug|Any CPU
		{9600877C-6CD8-4C5B-9518-A69E2568FCE8}.Debug|Any CPU.Build.0 = Debug|Any CPU
		{9600877C-6CD8-4C5B-9518-A69E2568FCE8}.Release|Any CPU.ActiveCfg = Release|Any CPU
		{9600877C-6CD8-4C5B-9518-A69E2568FCE8}.Release|Any CPU.Build.0 = Release|Any CPU
		{0DA3D485-81DB-4149-B760-592487AE7F9C}.Debug|Any CPU.ActiveCfg = Debug|Any CPU
		{0DA3D485-81DB-4149-B760-592487AE7F9C}.Debug|Any CPU.Build.0 = Debug|Any CPU
		{0DA3D485-81DB-4149-B760-592487AE7F9C}.Release|Any CPU.ActiveCfg = Release|Any CPU
		{0DA3D485-81DB-4149-B760-592487AE7F9C}.Release|Any CPU.Build.0 = Release|Any CPU
		{C6546E33-E5D5-4010-8BD3-A31DADDA1FBC}.Debug|Any CPU.ActiveCfg = Debug|Any CPU
		{C6546E33-E5D5-4010-8BD3-A31DADDA1FBC}.Debug|Any CPU.Build.0 = Debug|Any CPU
		{C6546E33-E5D5-4010-8BD3-A31DADDA1FBC}.Release|Any CPU.ActiveCfg = Release|Any CPU
		{C6546E33-E5D5-4010-8BD3-A31DADDA1FBC}.Release|Any CPU.Build.0 = Release|Any CPU
		{4DA08210-D809-4100-9087-622A12FB5553}.Debug|Any CPU.ActiveCfg = Debug|Any CPU
		{4DA08210-D809-4100-9087-622A12FB5553}.Debug|Any CPU.Build.0 = Debug|Any CPU
		{4DA08210-D809-4100-9087-622A12FB5553}.Release|Any CPU.ActiveCfg = Release|Any CPU
		{4DA08210-D809-4100-9087-622A12FB5553}.Release|Any CPU.Build.0 = Release|Any CPU
		{F75D5696-601C-4EB4-90D4-28C292E841E3}.Debug|Any CPU.ActiveCfg = Debug|Any CPU
		{F75D5696-601C-4EB4-90D4-28C292E841E3}.Debug|Any CPU.Build.0 = Debug|Any CPU
		{F75D5696-601C-4EB4-90D4-28C292E841E3}.Release|Any CPU.ActiveCfg = Release|Any CPU
		{F75D5696-601C-4EB4-90D4-28C292E841E3}.Release|Any CPU.Build.0 = Release|Any CPU
	EndGlobalSection
	GlobalSection(SolutionProperties) = preSolution
		HideSolutionNode = FALSE
	EndGlobalSection
	GlobalSection(NestedProjects) = preSolution
		{5B4C2183-7803-4110-8EC7-91F9487E10F7} = {4E336605-CDD7-4E78-8C9B-0316872DA434}
		{CBDA6AE4-A884-4F35-8B6A-BB1CF4F75FC7} = {4E336605-CDD7-4E78-8C9B-0316872DA434}
		{4FFA6416-811D-48CD-9814-B883F7C531B8} = {4E336605-CDD7-4E78-8C9B-0316872DA434}
		{2030D15A-57C2-42CB-BC3B-CC45A69BF3F6} = {FCD49EC1-C8DB-445B-ADE3-CB55D52B0C1B}
		{84E3A572-C1E9-4C91-AE40-5C007F490645} = {FCD49EC1-C8DB-445B-ADE3-CB55D52B0C1B}
		{E32F618D-C662-44E9-919F-7C579D8B0431} = {6B427020-A612-4412-BB08-474858DD69E4}
		{76FC14ED-6781-4CE1-88CA-CD0298F55FC1} = {6B427020-A612-4412-BB08-474858DD69E4}
		{DD418BDF-1170-422A-B789-4C872FAC9893} = {C7464A19-B7FA-4478-8AC7-5C584A4EFA4F}
		{D9B62BD5-1E46-4DB0-8648-879E646DEE32} = {C7464A19-B7FA-4478-8AC7-5C584A4EFA4F}
		{5B827387-D5AC-4C90-B24B-B21145B4A7BC} = {3BC7117C-378C-4199-AEEE-419B73FC2B18}
		{3530B7D2-19D4-41B0-BD30-FB82EB967BBB} = {3BC7117C-378C-4199-AEEE-419B73FC2B18}
		{9600877C-6CD8-4C5B-9518-A69E2568FCE8} = {9979AE2C-426D-47E6-B20B-2B047D333271}
		{0DA3D485-81DB-4149-B760-592487AE7F9C} = {4E336605-CDD7-4E78-8C9B-0316872DA434}
		{C6546E33-E5D5-4010-8BD3-A31DADDA1FBC} = {4E336605-CDD7-4E78-8C9B-0316872DA434}
		{4DA08210-D809-4100-9087-622A12FB5553} = {4E336605-CDD7-4E78-8C9B-0316872DA434}
		{F75D5696-601C-4EB4-90D4-28C292E841E3} = {4E336605-CDD7-4E78-8C9B-0316872DA434}
	EndGlobalSection
	GlobalSection(ExtensibilityGlobals) = postSolution
		SolutionGuid = {34A2105E-0094-4E11-8718-7524EB662DCC}
	EndGlobalSection
EndGlobal
